
Microsoft Visual Studio Solution File, Format Version 12.00
# Visual Studio Version 16
VisualStudioVersion = 25.0.1703.0
MinimumVisualStudioVersion = 10.0.40219.1
Project("{FAE04EC0-301F-11D3-BF4B-00C04F79EFBC}") = "BlazorMobile", "BlazorMobile\BlazorMobile.csproj", "{656A02DC-D16D-4F13-837D-3E46977589C5}"
EndProject
Project("{FAE04EC0-301F-11D3-BF4B-00C04F79EFBC}") = "SharedComponents", "SharedComponents\SharedComponents.csproj", "{34F957AF-1118-4341-A367-E295551DE009}"
EndProject
Global
	GlobalSection(SolutionConfigurationPlatforms) = preSolution
		Debug|Any CPU = Debug|Any CPU
		Release|Any CPU = Release|Any CPU
	EndGlobalSection
	GlobalSection(ProjectConfigurationPlatforms) = postSolution
		{656A02DC-D16D-4F13-837D-3E46977589C5}.Debug|Any CPU.ActiveCfg = Debug|Any CPU
		{656A02DC-D16D-4F13-837D-3E46977589C5}.Debug|Any CPU.Build.0 = Debug|Any CPU
		{656A02DC-D16D-4F13-837D-3E46977589C5}.Release|Any CPU.ActiveCfg = Release|Any CPU
		{656A02DC-D16D-4F13-837D-3E46977589C5}.Release|Any CPU.Build.0 = Release|Any CPU
		{34F957AF-1118-4341-A367-E295551DE009}.Debug|Any CPU.ActiveCfg = Debug|Any CPU
		{34F957AF-1118-4341-A367-E295551DE009}.Debug|Any CPU.Build.0 = Debug|Any CPU
		{34F957AF-1118-4341-A367-E295551DE009}.Release|Any CPU.ActiveCfg = Release|Any CPU
		{34F957AF-1118-4341-A367-E295551DE009}.Release|Any CPU.Build.0 = Release|Any CPU
	EndGlobalSection
	GlobalSection(SolutionProperties) = preSolution
		HideSolutionNode = FALSE
	EndGlobalSection
	GlobalSection(ExtensibilityGlobals) = postSolution
		SolutionGuid = {24AE643F-3477-4AF6-898C-EE7BDB4C8964}
	EndGlobalSection
EndGlobal
